
Microsoft Visual Studio Solution File, Format Version 12.00
# Visual Studio Version 16
VisualStudioVersion = 16.0.31129.286
MinimumVisualStudioVersion = 10.0.40219.1
Project("{FAE04EC0-301F-11D3-BF4B-00C04F79EFBC}") = "lr3", "lr3\lr3.csproj", "{69D25F49-2946-43CD-977E-576406C99217}"
EndProject
Global
	GlobalSection(SolutionConfigurationPlatforms) = preSolution
		Debug|Any CPU = Debug|Any CPU
		Release|Any CPU = Release|Any CPU
	EndGlobalSection
	GlobalSection(ProjectConfigurationPlatforms) = postSolution
		{69D25F49-2946-43CD-977E-576406C99217}.Debug|Any CPU.ActiveCfg = Debug|Any CPU
		{69D25F49-2946-43CD-977E-576406C99217}.Debug|Any CPU.Build.0 = Debug|Any CPU
		{69D25F49-2946-43CD-977E-576406C99217}.Release|Any CPU.ActiveCfg = Release|Any CPU
		{69D25F49-2946-43CD-977E-576406C99217}.Release|Any CPU.Build.0 = Release|Any CPU
	EndGlobalSection
	GlobalSection(SolutionProperties) = preSolution
		HideSolutionNode = FALSE
	EndGlobalSection
	GlobalSection(ExtensibilityGlobals) = postSolution
		SolutionGuid = {A2E38185-2A0C-4538-82AB-BF7A1EA44E7F}
	EndGlobalSection
EndGlobal
